
Microsoft Visual Studio Solution File, Format Version 11.00
# Visual Studio 2010
Project("{FAE04EC0-301F-11D3-BF4B-00C04F79EFBC}") = "WinMilk", "WinMilk\WinMilk.csproj", "{16F3CCCC-35C7-4974-A315-92D28896A04E}"
EndProject
Global
	GlobalSection(SolutionConfigurationPlatforms) = preSolution
		Debug|Any CPU = Debug|Any CPU
		Release|Any CPU = Release|Any CPU
	EndGlobalSection
	GlobalSection(ProjectConfigurationPlatforms) = postSolution
		{16F3CCCC-35C7-4974-A315-92D28896A04E}.Debug|Any CPU.ActiveCfg = Debug|Any CPU
		{16F3CCCC-35C7-4974-A315-92D28896A04E}.Debug|Any CPU.Build.0 = Debug|Any CPU
		{16F3CCCC-35C7-4974-A315-92D28896A04E}.Debug|Any CPU.Deploy.0 = Debug|Any CPU
		{16F3CCCC-35C7-4974-A315-92D28896A04E}.Release|Any CPU.ActiveCfg = Release|Any CPU
		{16F3CCCC-35C7-4974-A315-92D28896A04E}.Release|Any CPU.Build.0 = Release|Any CPU
		{16F3CCCC-35C7-4974-A315-92D28896A04E}.Release|Any CPU.Deploy.0 = Release|Any CPU
	EndGlobalSection
	GlobalSection(SolutionProperties) = preSolution
		HideSolutionNode = FALSE
	EndGlobalSection
EndGlobal
