
Microsoft Visual Studio Solution File, Format Version 11.00
# Visual Studio 2010
Project("{FAE04EC0-301F-11D3-BF4B-00C04F79EFBC}") = "WinMilk", "WinMilk\WinMilk.csproj", "{3B58C729-6199-46FD-A7AF-78E2FC110183}"
EndProject
Project("{FAE04EC0-301F-11D3-BF4B-00C04F79EFBC}") = "IronCow", "IronCow\IronCow.csproj", "{22D8C142-6D0F-4D5E-8B46-9FCA34CE3A8E}"
EndProject
Project("{FAE04EC0-301F-11D3-BF4B-00C04F79EFBC}") = "Clarity", "Clarity\Clarity.csproj", "{EA446F70-D067-44A9-936C-3F3060FD54B7}"
EndProject
Global
	GlobalSection(SolutionConfigurationPlatforms) = preSolution
		Debug|Any CPU = Debug|Any CPU
		Release|Any CPU = Release|Any CPU
	EndGlobalSection
	GlobalSection(ProjectConfigurationPlatforms) = postSolution
		{3B58C729-6199-46FD-A7AF-78E2FC110183}.Debug|Any CPU.ActiveCfg = Debug|Any CPU
		{3B58C729-6199-46FD-A7AF-78E2FC110183}.Debug|Any CPU.Build.0 = Debug|Any CPU
		{3B58C729-6199-46FD-A7AF-78E2FC110183}.Debug|Any CPU.Deploy.0 = Debug|Any CPU
		{3B58C729-6199-46FD-A7AF-78E2FC110183}.Release|Any CPU.ActiveCfg = Release|Any CPU
		{3B58C729-6199-46FD-A7AF-78E2FC110183}.Release|Any CPU.Build.0 = Release|Any CPU
		{3B58C729-6199-46FD-A7AF-78E2FC110183}.Release|Any CPU.Deploy.0 = Release|Any CPU
		{22D8C142-6D0F-4D5E-8B46-9FCA34CE3A8E}.Debug|Any CPU.ActiveCfg = Debug|Any CPU
		{22D8C142-6D0F-4D5E-8B46-9FCA34CE3A8E}.Debug|Any CPU.Build.0 = Debug|Any CPU
		{22D8C142-6D0F-4D5E-8B46-9FCA34CE3A8E}.Release|Any CPU.ActiveCfg = Release|Any CPU
		{22D8C142-6D0F-4D5E-8B46-9FCA34CE3A8E}.Release|Any CPU.Build.0 = Release|Any CPU
		{EA446F70-D067-44A9-936C-3F3060FD54B7}.Debug|Any CPU.ActiveCfg = Debug|Any CPU
		{EA446F70-D067-44A9-936C-3F3060FD54B7}.Debug|Any CPU.Build.0 = Debug|Any CPU
		{EA446F70-D067-44A9-936C-3F3060FD54B7}.Release|Any CPU.ActiveCfg = Release|Any CPU
		{EA446F70-D067-44A9-936C-3F3060FD54B7}.Release|Any CPU.Build.0 = Release|Any CPU
	EndGlobalSection
	GlobalSection(SolutionProperties) = preSolution
		HideSolutionNode = FALSE
	EndGlobalSection
EndGlobal
